{
  "version": 4,
  "terraform_version": "1.2.6",
  "serial": 14,
  "lineage": "e3ac9d6d-8590-bb28-5555-cbc6cb75823e",
  "outputs": {},
  "resources": [
    {
      "mode": "managed",
      "type": "github_repository",
      "name": "micro-services-plg",
      "provider": "provider[\"registry.terraform.io/integrations/github\"]",
      "instances": [
        {
          "index_key": 0,
          "schema_version": 1,
          "attributes": {
            "allow_auto_merge": false,
            "allow_merge_commit": true,
            "allow_rebase_merge": true,
            "allow_squash_merge": true,
            "allow_update_branch": false,
            "archive_on_destroy": null,
            "archived": false,
            "auto_init": null,
            "default_branch": "main",
            "delete_branch_on_merge": false,
            "description": "Deploying QA via Terraform",
            "etag": "W/\"42c68ec13a1004d7c39e7c805e24991854cb14a0d707e579565cfbb360d10020\"",
            "full_name": "saikiranpi/dev-repo-QA",
            "git_clone_url": "git://github.com/saikiranpi/dev-repo-QA.git",
            "gitignore_template": null,
            "has_discussions": false,
            "has_downloads": false,
            "has_issues": false,
            "has_projects": false,
            "has_wiki": false,
            "homepage_url": "",
            "html_url": "https://github.com/saikiranpi/dev-repo-QA",
            "http_clone_url": "https://github.com/saikiranpi/dev-repo-QA.git",
            "id": "dev-repo-QA",
            "ignore_vulnerability_alerts_during_read": null,
            "is_template": false,
            "license_template": null,
            "merge_commit_message": "PR_TITLE",
            "merge_commit_title": "MERGE_MESSAGE",
            "name": "dev-repo-QA",
            "node_id": "R_kgDOK838zQ",
            "pages": [],
            "primary_language": "",
            "private": false,
            "repo_id": 734919885,
            "security_and_analysis": [
              {
                "advanced_security": [],
                "secret_scanning": [
                  {
                    "status": "disabled"
                  }
                ],
                "secret_scanning_push_protection": [
                  {
                    "status": "disabled"
                  }
                ]
              }
            ],
            "squash_merge_commit_message": "COMMIT_MESSAGES",
            "squash_merge_commit_title": "COMMIT_OR_PR_TITLE",
            "ssh_clone_url": "git@github.com:saikiranpi/dev-repo-QA.git",
            "svn_url": "https://github.com/saikiranpi/dev-repo-QA",
            "template": [],
            "topics": [],
            "visibility": "public",
            "vulnerability_alerts": false
          },
          "sensitive_attributes": [],
          "private": "eyJzY2hlbWFfdmVyc2lvbiI6IjEifQ=="
        },
        {
          "index_key": 1,
          "schema_version": 1,
          "attributes": {
            "allow_auto_merge": false,
            "allow_merge_commit": true,
            "allow_rebase_merge": true,
            "allow_squash_merge": true,
            "allow_update_branch": false,
            "archive_on_destroy": null,
            "archived": false,
            "auto_init": null,
            "default_branch": "main",
            "delete_branch_on_merge": false,
            "description": "Deploying staging via Terraform",
            "etag": "W/\"9fbbc49a3394b6af95fa6b6473c7557f7cb9283e487e375d0d9cdb27dba2e246\"",
            "full_name": "saikiranpi/dev-repo-staging",
            "git_clone_url": "git://github.com/saikiranpi/dev-repo-staging.git",
            "gitignore_template": null,
            "has_discussions": false,
            "has_downloads": false,
            "has_issues": false,
            "has_projects": false,
            "has_wiki": false,
            "homepage_url": "",
            "html_url": "https://github.com/saikiranpi/dev-repo-staging",
            "http_clone_url": "https://github.com/saikiranpi/dev-repo-staging.git",
            "id": "dev-repo-staging",
            "ignore_vulnerability_alerts_during_read": null,
            "is_template": false,
            "license_template": null,
            "merge_commit_message": "PR_TITLE",
            "merge_commit_title": "MERGE_MESSAGE",
            "name": "dev-repo-staging",
            "node_id": "R_kgDOK838yA",
            "pages": [],
            "primary_language": "",
            "private": false,
            "repo_id": 734919880,
            "security_and_analysis": [
              {
                "advanced_security": [],
                "secret_scanning": [
                  {
                    "status": "disabled"
                  }
                ],
                "secret_scanning_push_protection": [
                  {
                    "status": "disabled"
                  }
                ]
              }
            ],
            "squash_merge_commit_message": "COMMIT_MESSAGES",
            "squash_merge_commit_title": "COMMIT_OR_PR_TITLE",
            "ssh_clone_url": "git@github.com:saikiranpi/dev-repo-staging.git",
            "svn_url": "https://github.com/saikiranpi/dev-repo-staging",
            "template": [],
            "topics": [],
            "visibility": "public",
            "vulnerability_alerts": false
          },
          "sensitive_attributes": [],
          "private": "eyJzY2hlbWFfdmVyc2lvbiI6IjEifQ=="
        },
        {
          "index_key": 2,
          "schema_version": 1,
          "attributes": {
            "allow_auto_merge": false,
            "allow_merge_commit": true,
            "allow_rebase_merge": true,
            "allow_squash_merge": true,
            "allow_update_branch": false,
            "archive_on_destroy": null,
            "archived": false,
            "auto_init": null,
            "default_branch": "main",
            "delete_branch_on_merge": false,
            "description": "Deploying preprod via Terraform",
            "etag": "W/\"ce3776d747b3327f221105dcee759f41e1da81a77a2ee4448b01fb2f3b76ee02\"",
            "full_name": "saikiranpi/dev-repo-preprod",
            "git_clone_url": "git://github.com/saikiranpi/dev-repo-preprod.git",
            "gitignore_template": null,
            "has_discussions": false,
            "has_downloads": false,
            "has_issues": false,
            "has_projects": false,
            "has_wiki": false,
            "homepage_url": "",
            "html_url": "https://github.com/saikiranpi/dev-repo-preprod",
            "http_clone_url": "https://github.com/saikiranpi/dev-repo-preprod.git",
            "id": "dev-repo-preprod",
            "ignore_vulnerability_alerts_during_read": null,
            "is_template": false,
            "license_template": null,
            "merge_commit_message": "PR_TITLE",
            "merge_commit_title": "MERGE_MESSAGE",
            "name": "dev-repo-preprod",
            "node_id": "R_kgDOK8381g",
            "pages": [],
            "primary_language": "",
            "private": false,
            "repo_id": 734919894,
            "security_and_analysis": [
              {
                "advanced_security": [],
                "secret_scanning": [
                  {
                    "status": "disabled"
                  }
                ],
                "secret_scanning_push_protection": [
                  {
                    "status": "disabled"
                  }
                ]
              }
            ],
            "squash_merge_commit_message": "COMMIT_MESSAGES",
            "squash_merge_commit_title": "COMMIT_OR_PR_TITLE",
            "ssh_clone_url": "git@github.com:saikiranpi/dev-repo-preprod.git",
            "svn_url": "https://github.com/saikiranpi/dev-repo-preprod",
            "template": [],
            "topics": [],
            "visibility": "public",
            "vulnerability_alerts": false
          },
          "sensitive_attributes": [],
          "private": "eyJzY2hlbWFfdmVyc2lvbiI6IjEifQ=="
        }
      ]
    }
  ]
}
